
Microsoft Visual Studio Solution File, Format Version 12.00
# Visual Studio Version 17
VisualStudioVersion = 17.8.34330.188
MinimumVisualStudioVersion = 10.0.40219.1
Project("{FAE04EC0-301F-11D3-BF4B-00C04F79EFBC}") = "Final", "Final\Final.csproj", "{9CD7DE3D-0C7E-453F-95C6-D5463D9BB50F}"
EndProject
Global
	GlobalSection(SolutionConfigurationPlatforms) = preSolution
		Debug|Any CPU = Debug|Any CPU
		Release|Any CPU = Release|Any CPU
	EndGlobalSection
	GlobalSection(ProjectConfigurationPlatforms) = postSolution
		{9CD7DE3D-0C7E-453F-95C6-D5463D9BB50F}.Debug|Any CPU.ActiveCfg = Debug|Any CPU
		{9CD7DE3D-0C7E-453F-95C6-D5463D9BB50F}.Debug|Any CPU.Build.0 = Debug|Any CPU
		{9CD7DE3D-0C7E-453F-95C6-D5463D9BB50F}.Release|Any CPU.ActiveCfg = Release|Any CPU
		{9CD7DE3D-0C7E-453F-95C6-D5463D9BB50F}.Release|Any CPU.Build.0 = Release|Any CPU
	EndGlobalSection
	GlobalSection(SolutionProperties) = preSolution
		HideSolutionNode = FALSE
	EndGlobalSection
	GlobalSection(ExtensibilityGlobals) = postSolution
		SolutionGuid = {B627DCFE-702C-4B21-AC96-4A311BCBD8A5}
	EndGlobalSection
EndGlobal
